
Microsoft Visual Studio Solution File, Format Version 12.00
# Visual Studio Version 17
VisualStudioVersion = 17.0.31919.166
MinimumVisualStudioVersion = 10.0.40219.1
Project("{2150E333-8FDC-42A3-9474-1A3956D46DE8}") = "src", "src", "{110D6835-80C5-43DD-A8B1-3BBEB4E53D6F}"
EndProject
Project("{FAE04EC0-301F-11D3-BF4B-00C04F79EFBC}") = "desafio01", "src\desafio01\desafio01.csproj", "{A32BCED4-C250-456D-820D-2D6736B6EBB5}"
EndProject
Project("{FAE04EC0-301F-11D3-BF4B-00C04F79EFBC}") = "desafio02", "src\desafio02\desafio02.csproj", "{9921D96E-8B91-45E3-B78B-F01EF7B8E19D}"
EndProject
Project("{FAE04EC0-301F-11D3-BF4B-00C04F79EFBC}") = "desafio03", "src\desafio03\desafio03.csproj", "{AE41A4A5-4DF0-4091-93DE-BBBE7474B9EA}"
EndProject
Project("{FAE04EC0-301F-11D3-BF4B-00C04F79EFBC}") = "desafio04", "src\desafio04\desafio04.csproj", "{CF6C6E07-75BF-4D59-A5EA-5DB6FDDF784D}"
EndProject
Project("{FAE04EC0-301F-11D3-BF4B-00C04F79EFBC}") = "desafio05", "src\desafio05\desafio05.csproj", "{9D58F1AC-AA4D-4A1E-AE03-4FAB0D5B66C2}"
EndProject
Project("{FAE04EC0-301F-11D3-BF4B-00C04F79EFBC}") = "desafio6", "src\desafio6\desafio6.csproj", "{D5A7A1A9-A1F3-491E-BBDB-3D373940F557}"
EndProject
Project("{FAE04EC0-301F-11D3-BF4B-00C04F79EFBC}") = "desafio07", "src\desafio07\desafio07.csproj", "{46AEBDE2-3195-455B-AD08-0287F51C564C}"
EndProject
Project("{FAE04EC0-301F-11D3-BF4B-00C04F79EFBC}") = "desafio08", "src\desafio08\desafio08.csproj", "{7ABEC30C-41F4-4E22-A2EB-018666280EE7}"
EndProject
Project("{FAE04EC0-301F-11D3-BF4B-00C04F79EFBC}") = "desafio09", "src\desafio09\desafio09.csproj", "{251F663B-D1C7-4143-B078-049F809D5D86}"
EndProject
Project("{FAE04EC0-301F-11D3-BF4B-00C04F79EFBC}") = "desafio10", "src\desafio10\desafio10.csproj", "{5EDA73A3-FD83-4D97-A834-52E7A320A245}"
EndProject
Project("{FAE04EC0-301F-11D3-BF4B-00C04F79EFBC}") = "desafio11", "src\desafio11\desafio11.csproj", "{21A4BB79-BC3F-472E-8541-5F8F3FE59AEE}"
EndProject
Project("{FAE04EC0-301F-11D3-BF4B-00C04F79EFBC}") = "desafio12", "src\desafio12\desafio12.csproj", "{5C31E498-12CC-441C-8233-00177AE612FC}"
EndProject
Project("{FAE04EC0-301F-11D3-BF4B-00C04F79EFBC}") = "desafio13", "src\desafio13\desafio13.csproj", "{CF48C1EC-061D-4809-AD8F-AFA30B1C2CB5}"
EndProject
Project("{FAE04EC0-301F-11D3-BF4B-00C04F79EFBC}") = "desafio14", "src\desafio14\desafio14.csproj", "{9A2560CD-9999-49CE-AE39-95125F2A1C19}"
EndProject
Global
	GlobalSection(SolutionConfigurationPlatforms) = preSolution
		Debug|Any CPU = Debug|Any CPU
		Debug|x64 = Debug|x64
		Debug|x86 = Debug|x86
		Release|Any CPU = Release|Any CPU
		Release|x64 = Release|x64
		Release|x86 = Release|x86
	EndGlobalSection
	GlobalSection(ProjectConfigurationPlatforms) = postSolution
		{A32BCED4-C250-456D-820D-2D6736B6EBB5}.Debug|Any CPU.ActiveCfg = Debug|Any CPU
		{A32BCED4-C250-456D-820D-2D6736B6EBB5}.Debug|Any CPU.Build.0 = Debug|Any CPU
		{A32BCED4-C250-456D-820D-2D6736B6EBB5}.Debug|x64.ActiveCfg = Debug|Any CPU
		{A32BCED4-C250-456D-820D-2D6736B6EBB5}.Debug|x64.Build.0 = Debug|Any CPU
		{A32BCED4-C250-456D-820D-2D6736B6EBB5}.Debug|x86.ActiveCfg = Debug|Any CPU
		{A32BCED4-C250-456D-820D-2D6736B6EBB5}.Debug|x86.Build.0 = Debug|Any CPU
		{A32BCED4-C250-456D-820D-2D6736B6EBB5}.Release|Any CPU.ActiveCfg = Release|Any CPU
		{A32BCED4-C250-456D-820D-2D6736B6EBB5}.Release|Any CPU.Build.0 = Release|Any CPU
		{A32BCED4-C250-456D-820D-2D6736B6EBB5}.Release|x64.ActiveCfg = Release|Any CPU
		{A32BCED4-C250-456D-820D-2D6736B6EBB5}.Release|x64.Build.0 = Release|Any CPU
		{A32BCED4-C250-456D-820D-2D6736B6EBB5}.Release|x86.ActiveCfg = Release|Any CPU
		{A32BCED4-C250-456D-820D-2D6736B6EBB5}.Release|x86.Build.0 = Release|Any CPU
		{9921D96E-8B91-45E3-B78B-F01EF7B8E19D}.Debug|Any CPU.ActiveCfg = Debug|Any CPU
		{9921D96E-8B91-45E3-B78B-F01EF7B8E19D}.Debug|Any CPU.Build.0 = Debug|Any CPU
		{9921D96E-8B91-45E3-B78B-F01EF7B8E19D}.Debug|x64.ActiveCfg = Debug|Any CPU
		{9921D96E-8B91-45E3-B78B-F01EF7B8E19D}.Debug|x64.Build.0 = Debug|Any CPU
		{9921D96E-8B91-45E3-B78B-F01EF7B8E19D}.Debug|x86.ActiveCfg = Debug|Any CPU
		{9921D96E-8B91-45E3-B78B-F01EF7B8E19D}.Debug|x86.Build.0 = Debug|Any CPU
		{9921D96E-8B91-45E3-B78B-F01EF7B8E19D}.Release|Any CPU.ActiveCfg = Release|Any CPU
		{9921D96E-8B91-45E3-B78B-F01EF7B8E19D}.Release|Any CPU.Build.0 = Release|Any CPU
		{9921D96E-8B91-45E3-B78B-F01EF7B8E19D}.Release|x64.ActiveCfg = Release|Any CPU
		{9921D96E-8B91-45E3-B78B-F01EF7B8E19D}.Release|x64.Build.0 = Release|Any CPU
		{9921D96E-8B91-45E3-B78B-F01EF7B8E19D}.Release|x86.ActiveCfg = Release|Any CPU
		{9921D96E-8B91-45E3-B78B-F01EF7B8E19D}.Release|x86.Build.0 = Release|Any CPU
		{AE41A4A5-4DF0-4091-93DE-BBBE7474B9EA}.Debug|Any CPU.ActiveCfg = Debug|Any CPU
		{AE41A4A5-4DF0-4091-93DE-BBBE7474B9EA}.Debug|Any CPU.Build.0 = Debug|Any CPU
		{AE41A4A5-4DF0-4091-93DE-BBBE7474B9EA}.Debug|x64.ActiveCfg = Debug|Any CPU
		{AE41A4A5-4DF0-4091-93DE-BBBE7474B9EA}.Debug|x64.Build.0 = Debug|Any CPU
		{AE41A4A5-4DF0-4091-93DE-BBBE7474B9EA}.Debug|x86.ActiveCfg = Debug|Any CPU
		{AE41A4A5-4DF0-4091-93DE-BBBE7474B9EA}.Debug|x86.Build.0 = Debug|Any CPU
		{AE41A4A5-4DF0-4091-93DE-BBBE7474B9EA}.Release|Any CPU.ActiveCfg = Release|Any CPU
		{AE41A4A5-4DF0-4091-93DE-BBBE7474B9EA}.Release|Any CPU.Build.0 = Release|Any CPU
		{AE41A4A5-4DF0-4091-93DE-BBBE7474B9EA}.Release|x64.ActiveCfg = Release|Any CPU
		{AE41A4A5-4DF0-4091-93DE-BBBE7474B9EA}.Release|x64.Build.0 = Release|Any CPU
		{AE41A4A5-4DF0-4091-93DE-BBBE7474B9EA}.Release|x86.ActiveCfg = Release|Any CPU
		{AE41A4A5-4DF0-4091-93DE-BBBE7474B9EA}.Release|x86.Build.0 = Release|Any CPU
		{CF6C6E07-75BF-4D59-A5EA-5DB6FDDF784D}.Debug|Any CPU.ActiveCfg = Debug|Any CPU
		{CF6C6E07-75BF-4D59-A5EA-5DB6FDDF784D}.Debug|Any CPU.Build.0 = Debug|Any CPU
		{CF6C6E07-75BF-4D59-A5EA-5DB6FDDF784D}.Debug|x64.ActiveCfg = Debug|Any CPU
		{CF6C6E07-75BF-4D59-A5EA-5DB6FDDF784D}.Debug|x64.Build.0 = Debug|Any CPU
		{CF6C6E07-75BF-4D59-A5EA-5DB6FDDF784D}.Debug|x86.ActiveCfg = Debug|Any CPU
		{CF6C6E07-75BF-4D59-A5EA-5DB6FDDF784D}.Debug|x86.Build.0 = Debug|Any CPU
		{CF6C6E07-75BF-4D59-A5EA-5DB6FDDF784D}.Release|Any CPU.ActiveCfg = Release|Any CPU
		{CF6C6E07-75BF-4D59-A5EA-5DB6FDDF784D}.Release|Any CPU.Build.0 = Release|Any CPU
		{CF6C6E07-75BF-4D59-A5EA-5DB6FDDF784D}.Release|x64.ActiveCfg = Release|Any CPU
		{CF6C6E07-75BF-4D59-A5EA-5DB6FDDF784D}.Release|x64.Build.0 = Release|Any CPU
		{CF6C6E07-75BF-4D59-A5EA-5DB6FDDF784D}.Release|x86.ActiveCfg = Release|Any CPU
		{CF6C6E07-75BF-4D59-A5EA-5DB6FDDF784D}.Release|x86.Build.0 = Release|Any CPU
		{9D58F1AC-AA4D-4A1E-AE03-4FAB0D5B66C2}.Debug|Any CPU.ActiveCfg = Debug|Any CPU
		{9D58F1AC-AA4D-4A1E-AE03-4FAB0D5B66C2}.Debug|Any CPU.Build.0 = Debug|Any CPU
		{9D58F1AC-AA4D-4A1E-AE03-4FAB0D5B66C2}.Debug|x64.ActiveCfg = Debug|Any CPU
		{9D58F1AC-AA4D-4A1E-AE03-4FAB0D5B66C2}.Debug|x64.Build.0 = Debug|Any CPU
		{9D58F1AC-AA4D-4A1E-AE03-4FAB0D5B66C2}.Debug|x86.ActiveCfg = Debug|Any CPU
		{9D58F1AC-AA4D-4A1E-AE03-4FAB0D5B66C2}.Debug|x86.Build.0 = Debug|Any CPU
		{9D58F1AC-AA4D-4A1E-AE03-4FAB0D5B66C2}.Release|Any CPU.ActiveCfg = Release|Any CPU
		{9D58F1AC-AA4D-4A1E-AE03-4FAB0D5B66C2}.Release|Any CPU.Build.0 = Release|Any CPU
		{9D58F1AC-AA4D-4A1E-AE03-4FAB0D5B66C2}.Release|x64.ActiveCfg = Release|Any CPU
		{9D58F1AC-AA4D-4A1E-AE03-4FAB0D5B66C2}.Release|x64.Build.0 = Release|Any CPU
		{9D58F1AC-AA4D-4A1E-AE03-4FAB0D5B66C2}.Release|x86.ActiveCfg = Release|Any CPU
		{9D58F1AC-AA4D-4A1E-AE03-4FAB0D5B66C2}.Release|x86.Build.0 = Release|Any CPU
		{D5A7A1A9-A1F3-491E-BBDB-3D373940F557}.Debug|Any CPU.ActiveCfg = Debug|Any CPU
		{D5A7A1A9-A1F3-491E-BBDB-3D373940F557}.Debug|Any CPU.Build.0 = Debug|Any CPU
		{D5A7A1A9-A1F3-491E-BBDB-3D373940F557}.Debug|x64.ActiveCfg = Debug|Any CPU
		{D5A7A1A9-A1F3-491E-BBDB-3D373940F557}.Debug|x64.Build.0 = Debug|Any CPU
		{D5A7A1A9-A1F3-491E-BBDB-3D373940F557}.Debug|x86.ActiveCfg = Debug|Any CPU
		{D5A7A1A9-A1F3-491E-BBDB-3D373940F557}.Debug|x86.Build.0 = Debug|Any CPU
		{D5A7A1A9-A1F3-491E-BBDB-3D373940F557}.Release|Any CPU.ActiveCfg = Release|Any CPU
		{D5A7A1A9-A1F3-491E-BBDB-3D373940F557}.Release|Any CPU.Build.0 = Release|Any CPU
		{D5A7A1A9-A1F3-491E-BBDB-3D373940F557}.Release|x64.ActiveCfg = Release|Any CPU
		{D5A7A1A9-A1F3-491E-BBDB-3D373940F557}.Release|x64.Build.0 = Release|Any CPU
		{D5A7A1A9-A1F3-491E-BBDB-3D373940F557}.Release|x86.ActiveCfg = Release|Any CPU
		{D5A7A1A9-A1F3-491E-BBDB-3D373940F557}.Release|x86.Build.0 = Release|Any CPU
		{46AEBDE2-3195-455B-AD08-0287F51C564C}.Debug|Any CPU.ActiveCfg = Debug|Any CPU
		{46AEBDE2-3195-455B-AD08-0287F51C564C}.Debug|Any CPU.Build.0 = Debug|Any CPU
		{46AEBDE2-3195-455B-AD08-0287F51C564C}.Debug|x64.ActiveCfg = Debug|Any CPU
		{46AEBDE2-3195-455B-AD08-0287F51C564C}.Debug|x64.Build.0 = Debug|Any CPU
		{46AEBDE2-3195-455B-AD08-0287F51C564C}.Debug|x86.ActiveCfg = Debug|Any CPU
		{46AEBDE2-3195-455B-AD08-0287F51C564C}.Debug|x86.Build.0 = Debug|Any CPU
		{46AEBDE2-3195-455B-AD08-0287F51C564C}.Release|Any CPU.ActiveCfg = Release|Any CPU
		{46AEBDE2-3195-455B-AD08-0287F51C564C}.Release|Any CPU.Build.0 = Release|Any CPU
		{46AEBDE2-3195-455B-AD08-0287F51C564C}.Release|x64.ActiveCfg = Release|Any CPU
		{46AEBDE2-3195-455B-AD08-0287F51C564C}.Release|x64.Build.0 = Release|Any CPU
		{46AEBDE2-3195-455B-AD08-0287F51C564C}.Release|x86.ActiveCfg = Release|Any CPU
		{46AEBDE2-3195-455B-AD08-0287F51C564C}.Release|x86.Build.0 = Release|Any CPU
		{7ABEC30C-41F4-4E22-A2EB-018666280EE7}.Debug|Any CPU.ActiveCfg = Debug|Any CPU
		{7ABEC30C-41F4-4E22-A2EB-018666280EE7}.Debug|Any CPU.Build.0 = Debug|Any CPU
		{7ABEC30C-41F4-4E22-A2EB-018666280EE7}.Debug|x64.ActiveCfg = Debug|Any CPU
		{7ABEC30C-41F4-4E22-A2EB-018666280EE7}.Debug|x64.Build.0 = Debug|Any CPU
		{7ABEC30C-41F4-4E22-A2EB-018666280EE7}.Debug|x86.ActiveCfg = Debug|Any CPU
		{7ABEC30C-41F4-4E22-A2EB-018666280EE7}.Debug|x86.Build.0 = Debug|Any CPU
		{7ABEC30C-41F4-4E22-A2EB-018666280EE7}.Release|Any CPU.ActiveCfg = Release|Any CPU
		{7ABEC30C-41F4-4E22-A2EB-018666280EE7}.Release|Any CPU.Build.0 = Release|Any CPU
		{7ABEC30C-41F4-4E22-A2EB-018666280EE7}.Release|x64.ActiveCfg = Release|Any CPU
		{7ABEC30C-41F4-4E22-A2EB-018666280EE7}.Release|x64.Build.0 = Release|Any CPU
		{7ABEC30C-41F4-4E22-A2EB-018666280EE7}.Release|x86.ActiveCfg = Release|Any CPU
		{7ABEC30C-41F4-4E22-A2EB-018666280EE7}.Release|x86.Build.0 = Release|Any CPU
		{251F663B-D1C7-4143-B078-049F809D5D86}.Debug|Any CPU.ActiveCfg = Debug|Any CPU
		{251F663B-D1C7-4143-B078-049F809D5D86}.Debug|Any CPU.Build.0 = Debug|Any CPU
		{251F663B-D1C7-4143-B078-049F809D5D86}.Debug|x64.ActiveCfg = Debug|Any CPU
		{251F663B-D1C7-4143-B078-049F809D5D86}.Debug|x64.Build.0 = Debug|Any CPU
		{251F663B-D1C7-4143-B078-049F809D5D86}.Debug|x86.ActiveCfg = Debug|Any CPU
		{251F663B-D1C7-4143-B078-049F809D5D86}.Debug|x86.Build.0 = Debug|Any CPU
		{251F663B-D1C7-4143-B078-049F809D5D86}.Release|Any CPU.ActiveCfg = Release|Any CPU
		{251F663B-D1C7-4143-B078-049F809D5D86}.Release|Any CPU.Build.0 = Release|Any CPU
		{251F663B-D1C7-4143-B078-049F809D5D86}.Release|x64.ActiveCfg = Release|Any CPU
		{251F663B-D1C7-4143-B078-049F809D5D86}.Release|x64.Build.0 = Release|Any CPU
		{251F663B-D1C7-4143-B078-049F809D5D86}.Release|x86.ActiveCfg = Release|Any CPU
		{251F663B-D1C7-4143-B078-049F809D5D86}.Release|x86.Build.0 = Release|Any CPU
		{5EDA73A3-FD83-4D97-A834-52E7A320A245}.Debug|Any CPU.ActiveCfg = Debug|Any CPU
		{5EDA73A3-FD83-4D97-A834-52E7A320A245}.Debug|Any CPU.Build.0 = Debug|Any CPU
		{5EDA73A3-FD83-4D97-A834-52E7A320A245}.Debug|x64.ActiveCfg = Debug|Any CPU
		{5EDA73A3-FD83-4D97-A834-52E7A320A245}.Debug|x64.Build.0 = Debug|Any CPU
		{5EDA73A3-FD83-4D97-A834-52E7A320A245}.Debug|x86.ActiveCfg = Debug|Any CPU
		{5EDA73A3-FD83-4D97-A834-52E7A320A245}.Debug|x86.Build.0 = Debug|Any CPU
		{5EDA73A3-FD83-4D97-A834-52E7A320A245}.Release|Any CPU.ActiveCfg = Release|Any CPU
		{5EDA73A3-FD83-4D97-A834-52E7A320A245}.Release|Any CPU.Build.0 = Release|Any CPU
		{5EDA73A3-FD83-4D97-A834-52E7A320A245}.Release|x64.ActiveCfg = Release|Any CPU
		{5EDA73A3-FD83-4D97-A834-52E7A320A245}.Release|x64.Build.0 = Release|Any CPU
		{5EDA73A3-FD83-4D97-A834-52E7A320A245}.Release|x86.ActiveCfg = Release|Any CPU
		{5EDA73A3-FD83-4D97-A834-52E7A320A245}.Release|x86.Build.0 = Release|Any CPU
		{21A4BB79-BC3F-472E-8541-5F8F3FE59AEE}.Debug|Any CPU.ActiveCfg = Debug|Any CPU
		{21A4BB79-BC3F-472E-8541-5F8F3FE59AEE}.Debug|Any CPU.Build.0 = Debug|Any CPU
		{21A4BB79-BC3F-472E-8541-5F8F3FE59AEE}.Debug|x64.ActiveCfg = Debug|Any CPU
		{21A4BB79-BC3F-472E-8541-5F8F3FE59AEE}.Debug|x64.Build.0 = Debug|Any CPU
		{21A4BB79-BC3F-472E-8541-5F8F3FE59AEE}.Debug|x86.ActiveCfg = Debug|Any CPU
		{21A4BB79-BC3F-472E-8541-5F8F3FE59AEE}.Debug|x86.Build.0 = Debug|Any CPU
		{21A4BB79-BC3F-472E-8541-5F8F3FE59AEE}.Release|Any CPU.ActiveCfg = Release|Any CPU
		{21A4BB79-BC3F-472E-8541-5F8F3FE59AEE}.Release|Any CPU.Build.0 = Release|Any CPU
		{21A4BB79-BC3F-472E-8541-5F8F3FE59AEE}.Release|x64.ActiveCfg = Release|Any CPU
		{21A4BB79-BC3F-472E-8541-5F8F3FE59AEE}.Release|x64.Build.0 = Release|Any CPU
		{21A4BB79-BC3F-472E-8541-5F8F3FE59AEE}.Release|x86.ActiveCfg = Release|Any CPU
		{21A4BB79-BC3F-472E-8541-5F8F3FE59AEE}.Release|x86.Build.0 = Release|Any CPU
		{5C31E498-12CC-441C-8233-00177AE612FC}.Debug|Any CPU.ActiveCfg = Debug|Any CPU
		{5C31E498-12CC-441C-8233-00177AE612FC}.Debug|Any CPU.Build.0 = Debug|Any CPU
		{5C31E498-12CC-441C-8233-00177AE612FC}.Debug|x64.ActiveCfg = Debug|Any CPU
		{5C31E498-12CC-441C-8233-00177AE612FC}.Debug|x64.Build.0 = Debug|Any CPU
		{5C31E498-12CC-441C-8233-00177AE612FC}.Debug|x86.ActiveCfg = Debug|Any CPU
		{5C31E498-12CC-441C-8233-00177AE612FC}.Debug|x86.Build.0 = Debug|Any CPU
		{5C31E498-12CC-441C-8233-00177AE612FC}.Release|Any CPU.ActiveCfg = Release|Any CPU
		{5C31E498-12CC-441C-8233-00177AE612FC}.Release|Any CPU.Build.0 = Release|Any CPU
		{5C31E498-12CC-441C-8233-00177AE612FC}.Release|x64.ActiveCfg = Release|Any CPU
		{5C31E498-12CC-441C-8233-00177AE612FC}.Release|x64.Build.0 = Release|Any CPU
		{5C31E498-12CC-441C-8233-00177AE612FC}.Release|x86.ActiveCfg = Release|Any CPU
		{5C31E498-12CC-441C-8233-00177AE612FC}.Release|x86.Build.0 = Release|Any CPU
		{CF48C1EC-061D-4809-AD8F-AFA30B1C2CB5}.Debug|Any CPU.ActiveCfg = Debug|Any CPU
		{CF48C1EC-061D-4809-AD8F-AFA30B1C2CB5}.Debug|Any CPU.Build.0 = Debug|Any CPU
		{CF48C1EC-061D-4809-AD8F-AFA30B1C2CB5}.Debug|x64.ActiveCfg = Debug|Any CPU
		{CF48C1EC-061D-4809-AD8F-AFA30B1C2CB5}.Debug|x64.Build.0 = Debug|Any CPU
		{CF48C1EC-061D-4809-AD8F-AFA30B1C2CB5}.Debug|x86.ActiveCfg = Debug|Any CPU
		{CF48C1EC-061D-4809-AD8F-AFA30B1C2CB5}.Debug|x86.Build.0 = Debug|Any CPU
		{CF48C1EC-061D-4809-AD8F-AFA30B1C2CB5}.Release|Any CPU.ActiveCfg = Release|Any CPU
		{CF48C1EC-061D-4809-AD8F-AFA30B1C2CB5}.Release|Any CPU.Build.0 = Release|Any CPU
		{CF48C1EC-061D-4809-AD8F-AFA30B1C2CB5}.Release|x64.ActiveCfg = Release|Any CPU
		{CF48C1EC-061D-4809-AD8F-AFA30B1C2CB5}.Release|x64.Build.0 = Release|Any CPU
		{CF48C1EC-061D-4809-AD8F-AFA30B1C2CB5}.Release|x86.ActiveCfg = Release|Any CPU
		{CF48C1EC-061D-4809-AD8F-AFA30B1C2CB5}.Release|x86.Build.0 = Release|Any CPU
		{9A2560CD-9999-49CE-AE39-95125F2A1C19}.Debug|Any CPU.ActiveCfg = Debug|Any CPU
		{9A2560CD-9999-49CE-AE39-95125F2A1C19}.Debug|Any CPU.Build.0 = Debug|Any CPU
		{9A2560CD-9999-49CE-AE39-95125F2A1C19}.Debug|x64.ActiveCfg = Debug|Any CPU
		{9A2560CD-9999-49CE-AE39-95125F2A1C19}.Debug|x64.Build.0 = Debug|Any CPU
		{9A2560CD-9999-49CE-AE39-95125F2A1C19}.Debug|x86.ActiveCfg = Debug|Any CPU
		{9A2560CD-9999-49CE-AE39-95125F2A1C19}.Debug|x86.Build.0 = Debug|Any CPU
		{9A2560CD-9999-49CE-AE39-95125F2A1C19}.Release|Any CPU.ActiveCfg = Release|Any CPU
		{9A2560CD-9999-49CE-AE39-95125F2A1C19}.Release|Any CPU.Build.0 = Release|Any CPU
		{9A2560CD-9999-49CE-AE39-95125F2A1C19}.Release|x64.ActiveCfg = Release|Any CPU
		{9A2560CD-9999-49CE-AE39-95125F2A1C19}.Release|x64.Build.0 = Release|Any CPU
		{9A2560CD-9999-49CE-AE39-95125F2A1C19}.Release|x86.ActiveCfg = Release|Any CPU
		{9A2560CD-9999-49CE-AE39-95125F2A1C19}.Release|x86.Build.0 = Release|Any CPU
	EndGlobalSection
	GlobalSection(SolutionProperties) = preSolution
		HideSolutionNode = FALSE
	EndGlobalSection
	GlobalSection(NestedProjects) = preSolution
		{A32BCED4-C250-456D-820D-2D6736B6EBB5} = {110D6835-80C5-43DD-A8B1-3BBEB4E53D6F}
		{9921D96E-8B91-45E3-B78B-F01EF7B8E19D} = {110D6835-80C5-43DD-A8B1-3BBEB4E53D6F}
		{AE41A4A5-4DF0-4091-93DE-BBBE7474B9EA} = {110D6835-80C5-43DD-A8B1-3BBEB4E53D6F}
		{CF6C6E07-75BF-4D59-A5EA-5DB6FDDF784D} = {110D6835-80C5-43DD-A8B1-3BBEB4E53D6F}
		{9D58F1AC-AA4D-4A1E-AE03-4FAB0D5B66C2} = {110D6835-80C5-43DD-A8B1-3BBEB4E53D6F}
		{D5A7A1A9-A1F3-491E-BBDB-3D373940F557} = {110D6835-80C5-43DD-A8B1-3BBEB4E53D6F}
		{46AEBDE2-3195-455B-AD08-0287F51C564C} = {110D6835-80C5-43DD-A8B1-3BBEB4E53D6F}
		{7ABEC30C-41F4-4E22-A2EB-018666280EE7} = {110D6835-80C5-43DD-A8B1-3BBEB4E53D6F}
		{251F663B-D1C7-4143-B078-049F809D5D86} = {110D6835-80C5-43DD-A8B1-3BBEB4E53D6F}
		{5EDA73A3-FD83-4D97-A834-52E7A320A245} = {110D6835-80C5-43DD-A8B1-3BBEB4E53D6F}
		{21A4BB79-BC3F-472E-8541-5F8F3FE59AEE} = {110D6835-80C5-43DD-A8B1-3BBEB4E53D6F}
		{5C31E498-12CC-441C-8233-00177AE612FC} = {110D6835-80C5-43DD-A8B1-3BBEB4E53D6F}
		{CF48C1EC-061D-4809-AD8F-AFA30B1C2CB5} = {110D6835-80C5-43DD-A8B1-3BBEB4E53D6F}
		{9A2560CD-9999-49CE-AE39-95125F2A1C19} = {110D6835-80C5-43DD-A8B1-3BBEB4E53D6F}
	EndGlobalSection
	GlobalSection(ExtensibilityGlobals) = postSolution
		SolutionGuid = {53A13454-AD42-4D1C-8368-4155B4538832}
	EndGlobalSection
EndGlobal
