
Microsoft Visual Studio Solution File, Format Version 12.00
# Visual Studio Version 17
VisualStudioVersion = 17.0.31919.166
MinimumVisualStudioVersion = 10.0.40219.1
Project("{2150E333-8FDC-42A3-9474-1A3956D46DE8}") = "src", "src", "{110D6835-80C5-43DD-A8B1-3BBEB4E53D6F}"
EndProject
Project("{FAE04EC0-301F-11D3-BF4B-00C04F79EFBC}") = "desafio01", "src\desafio01\desafio01.csproj", "{A32BCED4-C250-456D-820D-2D6736B6EBB5}"
EndProject
Project("{FAE04EC0-301F-11D3-BF4B-00C04F79EFBC}") = "desafio02", "src\desafio02\desafio02.csproj", "{9921D96E-8B91-45E3-B78B-F01EF7B8E19D}"
EndProject
Global
	GlobalSection(SolutionConfigurationPlatforms) = preSolution
		Debug|Any CPU = Debug|Any CPU
		Debug|x64 = Debug|x64
		Debug|x86 = Debug|x86
		Release|Any CPU = Release|Any CPU
		Release|x64 = Release|x64
		Release|x86 = Release|x86
	EndGlobalSection
	GlobalSection(ProjectConfigurationPlatforms) = postSolution
		{A32BCED4-C250-456D-820D-2D6736B6EBB5}.Debug|Any CPU.ActiveCfg = Debug|Any CPU
		{A32BCED4-C250-456D-820D-2D6736B6EBB5}.Debug|Any CPU.Build.0 = Debug|Any CPU
		{A32BCED4-C250-456D-820D-2D6736B6EBB5}.Debug|x64.ActiveCfg = Debug|Any CPU
		{A32BCED4-C250-456D-820D-2D6736B6EBB5}.Debug|x64.Build.0 = Debug|Any CPU
		{A32BCED4-C250-456D-820D-2D6736B6EBB5}.Debug|x86.ActiveCfg = Debug|Any CPU
		{A32BCED4-C250-456D-820D-2D6736B6EBB5}.Debug|x86.Build.0 = Debug|Any CPU
		{A32BCED4-C250-456D-820D-2D6736B6EBB5}.Release|Any CPU.ActiveCfg = Release|Any CPU
		{A32BCED4-C250-456D-820D-2D6736B6EBB5}.Release|Any CPU.Build.0 = Release|Any CPU
		{A32BCED4-C250-456D-820D-2D6736B6EBB5}.Release|x64.ActiveCfg = Release|Any CPU
		{A32BCED4-C250-456D-820D-2D6736B6EBB5}.Release|x64.Build.0 = Release|Any CPU
		{A32BCED4-C250-456D-820D-2D6736B6EBB5}.Release|x86.ActiveCfg = Release|Any CPU
		{A32BCED4-C250-456D-820D-2D6736B6EBB5}.Release|x86.Build.0 = Release|Any CPU
		{9921D96E-8B91-45E3-B78B-F01EF7B8E19D}.Debug|Any CPU.ActiveCfg = Debug|Any CPU
		{9921D96E-8B91-45E3-B78B-F01EF7B8E19D}.Debug|Any CPU.Build.0 = Debug|Any CPU
		{9921D96E-8B91-45E3-B78B-F01EF7B8E19D}.Debug|x64.ActiveCfg = Debug|Any CPU
		{9921D96E-8B91-45E3-B78B-F01EF7B8E19D}.Debug|x64.Build.0 = Debug|Any CPU
		{9921D96E-8B91-45E3-B78B-F01EF7B8E19D}.Debug|x86.ActiveCfg = Debug|Any CPU
		{9921D96E-8B91-45E3-B78B-F01EF7B8E19D}.Debug|x86.Build.0 = Debug|Any CPU
		{9921D96E-8B91-45E3-B78B-F01EF7B8E19D}.Release|Any CPU.ActiveCfg = Release|Any CPU
		{9921D96E-8B91-45E3-B78B-F01EF7B8E19D}.Release|Any CPU.Build.0 = Release|Any CPU
		{9921D96E-8B91-45E3-B78B-F01EF7B8E19D}.Release|x64.ActiveCfg = Release|Any CPU
		{9921D96E-8B91-45E3-B78B-F01EF7B8E19D}.Release|x64.Build.0 = Release|Any CPU
		{9921D96E-8B91-45E3-B78B-F01EF7B8E19D}.Release|x86.ActiveCfg = Release|Any CPU
		{9921D96E-8B91-45E3-B78B-F01EF7B8E19D}.Release|x86.Build.0 = Release|Any CPU
	EndGlobalSection
	GlobalSection(SolutionProperties) = preSolution
		HideSolutionNode = FALSE
	EndGlobalSection
	GlobalSection(NestedProjects) = preSolution
		{A32BCED4-C250-456D-820D-2D6736B6EBB5} = {110D6835-80C5-43DD-A8B1-3BBEB4E53D6F}
		{9921D96E-8B91-45E3-B78B-F01EF7B8E19D} = {110D6835-80C5-43DD-A8B1-3BBEB4E53D6F}
	EndGlobalSection
	GlobalSection(ExtensibilityGlobals) = postSolution
		SolutionGuid = {53A13454-AD42-4D1C-8368-4155B4538832}
	EndGlobalSection
EndGlobal
